<?xml version="1.0" encoding="utf-8"?>
<Project ToolsVersion="4.0" xmlns="http://schemas.microsoft.com/developer/msbuild/2003">
  <ItemGroup>
    <ClCompile Include="$(MSBuildThisFileDirectory)checks.ixx" />
    <ClCompile Include="$(MSBuildThisFileDirectory)constexpr_stream.cpp" />
    <ClCompile Include="$(MSBuildThisFileDirectory)constexpr_stream.ixx" />
    <ClCompile Include="$(MSBuildThisFileDirectory)flatmap.ixx" />
    <ClCompile Include="$(MSBuildThisFileDirectory)helpers.ixx" />
    <ClCompile Include="$(MSBuildThisFileDirectory)enum_extensions.ixx">
      <Filter>Extensions</Filter>
    </ClCompile>
    <ClCompile Include="$(MSBuildThisFileDirectory)enum_extensions.cpp">
      <Filter>Extensions</Filter>
    </ClCompile>
    <ClCompile Include="$(MSBuildThisFileDirectory)variant_extensions.ixx">
      <Filter>Extensions</Filter>
    </ClCompile>
    <ClCompile Include="$(MSBuildThisFileDirectory)shared_ptr.ixx" />
  </ItemGroup>
  <ItemGroup>
    <Filter Include="Extensions">
      <UniqueIdentifier>{e045ac6e-5e6d-49fc-bd36-c24912e8f45a}</UniqueIdentifier>
    </Filter>
  </ItemGroup>
</Project>